// !$*UTF8*$!
{
	archiveVersion = 1;
	classes = {
	};
	objectVersion = 46;
	objects = {

/* Begin PBXBuildFile section */
		19257D88196BCE0800390C5D /* Foundation.framework in Frameworks */ = {isa = PBXBuildFile; fileRef = 19257D87196BCE0800390C5D /* Foundation.framework */; };
		19257D8A196BCE0800390C5D /* CoreGraphics.framework in Frameworks */ = {isa = PBXBuildFile; fileRef = 19257D89196BCE0800390C5D /* CoreGraphics.framework */; };
		19257D8C196BCE0800390C5D /* UIKit.framework in Frameworks */ = {isa = PBXBuildFile; fileRef = 19257D8B196BCE0800390C5D /* UIKit.framework */; };
		19257D8E196BCE0800390C5D /* CoreData.framework in Frameworks */ = {isa = PBXBuildFile; fileRef = 19257D8D196BCE0800390C5D /* CoreData.framework */; };
		19257DA6196BCE0800390C5D /* XCTest.framework in Frameworks */ = {isa = PBXBuildFile; fileRef = 19257DA5196BCE0800390C5D /* XCTest.framework */; };
		19257DA7196BCE0800390C5D /* Foundation.framework in Frameworks */ = {isa = PBXBuildFile; fileRef = 19257D87196BCE0800390C5D /* Foundation.framework */; };
		19257DA8196BCE0800390C5D /* UIKit.framework in Frameworks */ = {isa = PBXBuildFile; fileRef = 19257D8B196BCE0800390C5D /* UIKit.framework */; };
		19257DA9196BCE0800390C5D /* CoreData.framework in Frameworks */ = {isa = PBXBuildFile; fileRef = 19257D8D196BCE0800390C5D /* CoreData.framework */; };
		19257DB1196BCE0800390C5D /* InfoPlist.strings in Resources */ = {isa = PBXBuildFile; fileRef = 19257DAF196BCE0800390C5D /* InfoPlist.strings */; };
		19257DB3196BCE0800390C5D /* QuickLinkTests.m in Sources */ = {isa = PBXBuildFile; fileRef = 19257DB2196BCE0800390C5D /* QuickLinkTests.m */; };
		B32E32791977C52A00C007C4 /* ContactsViewController.m in Sources */ = {isa = PBXBuildFile; fileRef = B32E32781977C52A00C007C4 /* ContactsViewController.m */; };
		B348047819764B0B007623FD /* ASOBounceButtonView.m in Sources */ = {isa = PBXBuildFile; fileRef = B348047619764B0A007623FD /* ASOBounceButtonView.m */; };
		B348047C19765347007623FD /* ASOTwoStateButton.m in Sources */ = {isa = PBXBuildFile; fileRef = B348047B19765347007623FD /* ASOTwoStateButton.m */; };
		B348047F19765A6F007623FD /* BounceButtonView.m in Sources */ = {isa = PBXBuildFile; fileRef = B348047E19765A6F007623FD /* BounceButtonView.m */; };
		B37C63B8197429460001404D /* AppDelegate.m in Sources */ = {isa = PBXBuildFile; fileRef = B37C6337197429460001404D /* AppDelegate.m */; };
		B37C63B9197429460001404D /* HttpEngine.m in Sources */ = {isa = PBXBuildFile; fileRef = B37C633A197429460001404D /* HttpEngine.m */; };
		B37C63BA197429460001404D /* SystemStart.m in Sources */ = {isa = PBXBuildFile; fileRef = B37C633C197429460001404D /* SystemStart.m */; };
		B37C63BB197429460001404D /* YH_FolderContrl.m in Sources */ = {isa = PBXBuildFile; fileRef = B37C633E197429460001404D /* YH_FolderContrl.m */; };
		B37C63BC197429460001404D /* YH_PersistenceEngine.m in Sources */ = {isa = PBXBuildFile; fileRef = B37C6340197429460001404D /* YH_PersistenceEngine.m */; };
		B37C63BD197429460001404D /* YH_PushMessageEngine.m in Sources */ = {isa = PBXBuildFile; fileRef = B37C6342197429460001404D /* YH_PushMessageEngine.m */; };
		B37C63BE197429460001404D /* AFHTTPRequestOperation.m in Sources */ = {isa = PBXBuildFile; fileRef = B37C6346197429460001404D /* AFHTTPRequestOperation.m */; };
		B37C63BF197429460001404D /* AFHTTPRequestOperationManager.m in Sources */ = {isa = PBXBuildFile; fileRef = B37C6348197429460001404D /* AFHTTPRequestOperationManager.m */; };
		B37C63C0197429460001404D /* AFHTTPSessionManager.m in Sources */ = {isa = PBXBuildFile; fileRef = B37C634A197429460001404D /* AFHTTPSessionManager.m */; };
		B37C63C1197429460001404D /* AFNetworkReachabilityManager.m in Sources */ = {isa = PBXBuildFile; fileRef = B37C634D197429460001404D /* AFNetworkReachabilityManager.m */; };
		B37C63C2197429460001404D /* AFSecurityPolicy.m in Sources */ = {isa = PBXBuildFile; fileRef = B37C634F197429460001404D /* AFSecurityPolicy.m */; };
		B37C63C3197429460001404D /* AFURLConnectionOperation.m in Sources */ = {isa = PBXBuildFile; fileRef = B37C6351197429460001404D /* AFURLConnectionOperation.m */; };
		B37C63C4197429460001404D /* AFURLRequestSerialization.m in Sources */ = {isa = PBXBuildFile; fileRef = B37C6353197429460001404D /* AFURLRequestSerialization.m */; };
		B37C63C5197429460001404D /* AFURLResponseSerialization.m in Sources */ = {isa = PBXBuildFile; fileRef = B37C6355197429460001404D /* AFURLResponseSerialization.m */; };
		B37C63C6197429460001404D /* AFURLSessionManager.m in Sources */ = {isa = PBXBuildFile; fileRef = B37C6357197429460001404D /* AFURLSessionManager.m */; };
		B37C63C8197429460001404D /* InfoPlist.strings in Resources */ = {isa = PBXBuildFile; fileRef = B37C635C197429460001404D /* InfoPlist.strings */; };
		B37C63C9197429460001404D /* pop-Info.plist in Resources */ = {isa = PBXBuildFile; fileRef = B37C635E197429460001404D /* pop-Info.plist */; };
		B37C63CA197429460001404D /* POPAnimatableProperty.mm in Sources */ = {isa = PBXBuildFile; fileRef = B37C6363197429460001404D /* POPAnimatableProperty.mm */; };
		B37C63CB197429460001404D /* POPAnimation.mm in Sources */ = {isa = PBXBuildFile; fileRef = B37C6365197429460001404D /* POPAnimation.mm */; };
		B37C63CC197429460001404D /* POPAnimationEvent.mm in Sources */ = {isa = PBXBuildFile; fileRef = B37C6367197429460001404D /* POPAnimationEvent.mm */; };
		B37C63CD197429460001404D /* POPAnimationExtras.mm in Sources */ = {isa = PBXBuildFile; fileRef = B37C636A197429460001404D /* POPAnimationExtras.mm */; };
		B37C63CE197429460001404D /* POPAnimationRuntime.mm in Sources */ = {isa = PBXBuildFile; fileRef = B37C636E197429460001404D /* POPAnimationRuntime.mm */; };
		B37C63CF197429460001404D /* POPAnimationTracer.mm in Sources */ = {isa = PBXBuildFile; fileRef = B37C6370197429460001404D /* POPAnimationTracer.mm */; };
		B37C63D0197429460001404D /* POPAnimator.mm in Sources */ = {isa = PBXBuildFile; fileRef = B37C6373197429460001404D /* POPAnimator.mm */; };
		B37C63D1197429460001404D /* POPBasicAnimation.mm in Sources */ = {isa = PBXBuildFile; fileRef = B37C6376197429460001404D /* POPBasicAnimation.mm */; };
		B37C63D2197429460001404D /* POPCGUtils.mm in Sources */ = {isa = PBXBuildFile; fileRef = B37C6379197429460001404D /* POPCGUtils.mm */; };
		B37C63D3197429460001404D /* POPCustomAnimation.mm in Sources */ = {isa = PBXBuildFile; fileRef = B37C637B197429460001404D /* POPCustomAnimation.mm */; };
		B37C63D4197429460001404D /* POPDecayAnimation.mm in Sources */ = {isa = PBXBuildFile; fileRef = B37C637D197429460001404D /* POPDecayAnimation.mm */; };
		B37C63D5197429460001404D /* POPGeometry.mm in Sources */ = {isa = PBXBuildFile; fileRef = B37C6381197429460001404D /* POPGeometry.mm */; };
		B37C63D6197429460001404D /* POPLayerExtras.mm in Sources */ = {isa = PBXBuildFile; fileRef = B37C6383197429460001404D /* POPLayerExtras.mm */; };
		B37C63D7197429460001404D /* POPMath.mm in Sources */ = {isa = PBXBuildFile; fileRef = B37C6385197429460001404D /* POPMath.mm */; };
		B37C63D8197429460001404D /* POPPropertyAnimation.mm in Sources */ = {isa = PBXBuildFile; fileRef = B37C6387197429460001404D /* POPPropertyAnimation.mm */; };
		B37C63D9197429460001404D /* POPSpringAnimation.mm in Sources */ = {isa = PBXBuildFile; fileRef = B37C638A197429460001404D /* POPSpringAnimation.mm */; };
		B37C63DA197429460001404D /* POPVector.mm in Sources */ = {isa = PBXBuildFile; fileRef = B37C638E197429460001404D /* POPVector.mm */; };
		B37C63DB197429460001404D /* TransformationMatrix.cpp in Sources */ = {isa = PBXBuildFile; fileRef = B37C6391197429460001404D /* TransformationMatrix.cpp */; };
		B37C63DC197429460001404D /* YH_Log.m in Sources */ = {isa = PBXBuildFile; fileRef = B37C6397197429460001404D /* YH_Log.m */; };
		B37C63DD197429460001404D /* RIButtonItem.m in Sources */ = {isa = PBXBuildFile; fileRef = B37C639A197429460001404D /* RIButtonItem.m */; };
		B37C63DE197429460001404D /* UIActionSheet+Blocks.m in Sources */ = {isa = PBXBuildFile; fileRef = B37C639C197429460001404D /* UIActionSheet+Blocks.m */; };
		B37C63DF197429460001404D /* UIAlertView+Blocks.m in Sources */ = {isa = PBXBuildFile; fileRef = B37C639E197429460001404D /* UIAlertView+Blocks.m */; };
		B37C63E0197429460001404D /* UIView+Frame.m in Sources */ = {isa = PBXBuildFile; fileRef = B37C63A0197429460001404D /* UIView+Frame.m */; };
		B37C63E1197429460001404D /* InfoPlist.strings in Resources */ = {isa = PBXBuildFile; fileRef = B37C63A1197429460001404D /* InfoPlist.strings */; };
		B37C63E2197429460001404D /* Images.xcassets in Resources */ = {isa = PBXBuildFile; fileRef = B37C63A3197429460001404D /* Images.xcassets */; };
		B37C63E3197429460001404D /* main.m in Sources */ = {isa = PBXBuildFile; fileRef = B37C63A4197429460001404D /* main.m */; };
		B37C63E4197429460001404D /* Global.m in Sources */ = {isa = PBXBuildFile; fileRef = B37C63A7197429460001404D /* Global.m */; };
		B37C63E6197429460001404D /* QuickLink.xcdatamodeld in Sources */ = {isa = PBXBuildFile; fileRef = B37C63AA197429460001404D /* QuickLink.xcdatamodeld */; };
		B37C63E7197429460001404D /* YH_NavigationViewController.m in Sources */ = {isa = PBXBuildFile; fileRef = B37C63B0197429460001404D /* YH_NavigationViewController.m */; };
		B37C63E8197429460001404D /* YH_HomeViewController.m in Sources */ = {isa = PBXBuildFile; fileRef = B37C63B3197429460001404D /* YH_HomeViewController.m */; };
		B37C63EB197429460001404D /* QuickLinkMain.storyboard in Resources */ = {isa = PBXBuildFile; fileRef = B37C63B7197429460001404D /* QuickLinkMain.storyboard */; };
		B37CBCA319797BF200E7B7C1 /* Contacts.csv in Resources */ = {isa = PBXBuildFile; fileRef = B37CBCA219797BF200E7B7C1 /* Contacts.csv */; };
		B37CBCA719797F9200E7B7C1 /* Contacts.xcdatamodeld in Sources */ = {isa = PBXBuildFile; fileRef = B37CBCA519797F9200E7B7C1 /* Contacts.xcdatamodeld */; };
		B389A9AA1975618300F85A0E /* NJKScrollFullScreen.m in Sources */ = {isa = PBXBuildFile; fileRef = B389A9A71975618300F85A0E /* NJKScrollFullScreen.m */; };
		B389A9AB1975618300F85A0E /* UIViewController+NJKFullScreenSupport.m in Sources */ = {isa = PBXBuildFile; fileRef = B389A9A91975618300F85A0E /* UIViewController+NJKFullScreenSupport.m */; };
		B389A9C7197569AD00F85A0E /* FAAnimationBounces.m in Sources */ = {isa = PBXBuildFile; fileRef = B389A9AF197569AD00F85A0E /* FAAnimationBounces.m */; };
		B389A9C8197569AD00F85A0E /* FAAnimationGroup.m in Sources */ = {isa = PBXBuildFile; fileRef = B389A9B1197569AD00F85A0E /* FAAnimationGroup.m */; };
		B389A9C9197569AD00F85A0E /* FAAnimationShake.m in Sources */ = {isa = PBXBuildFile; fileRef = B389A9B3197569AD00F85A0E /* FAAnimationShake.m */; };
		B389A9CA197569AD00F85A0E /* FAAnimationZoomIn.m in Sources */ = {isa = PBXBuildFile; fileRef = B389A9B5197569AD00F85A0E /* FAAnimationZoomIn.m */; };
		B389A9CB197569AD00F85A0E /* FAAnimationZoomOut.m in Sources */ = {isa = PBXBuildFile; fileRef = B389A9B7197569AD00F85A0E /* FAAnimationZoomOut.m */; };
		B389A9CC197569AD00F85A0E /* FAAnimationButtonScale.m in Sources */ = {isa = PBXBuildFile; fileRef = B389A9BA197569AD00F85A0E /* FAAnimationButtonScale.m */; };
		B389A9CD197569AD00F85A0E /* FastAnimiationUitls.m in Sources */ = {isa = PBXBuildFile; fileRef = B389A9BE197569AD00F85A0E /* FastAnimiationUitls.m */; };
		B389A9CE197569AD00F85A0E /* NSObject+FastAnimation.m in Sources */ = {isa = PBXBuildFile; fileRef = B389A9C0197569AD00F85A0E /* NSObject+FastAnimation.m */; };
		B389A9CF197569AD00F85A0E /* UIControl+FastAnimation.m in Sources */ = {isa = PBXBuildFile; fileRef = B389A9C2197569AD00F85A0E /* UIControl+FastAnimation.m */; };
		B389A9D0197569AD00F85A0E /* UIView+FastAnimation.m in Sources */ = {isa = PBXBuildFile; fileRef = B389A9C4197569AD00F85A0E /* UIView+FastAnimation.m */; };
		B3A802D119780B5F0005178C /* CallRecordViewController.m in Sources */ = {isa = PBXBuildFile; fileRef = B3A802D019780B5F0005178C /* CallRecordViewController.m */; };
		B3A802D4197812370005178C /* SettingViewController.m in Sources */ = {isa = PBXBuildFile; fileRef = B3A802D3197812370005178C /* SettingViewController.m */; };
/* End PBXBuildFile section */

/* Begin PBXContainerItemProxy section */
		19257DAA196BCE0800390C5D /* PBXContainerItemProxy */ = {
			isa = PBXContainerItemProxy;
			containerPortal = 19257D7C196BCE0800390C5D /* Project object */;
			proxyType = 1;
			remoteGlobalIDString = 19257D83196BCE0800390C5D;
			remoteInfo = QuickLink;
		};
/* End PBXContainerItemProxy section */

/* Begin PBXFileReference section */
		19257D84196BCE0800390C5D /* QuickLink.app */ = {isa = PBXFileReference; explicitFileType = wrapper.application; includeInIndex = 0; path = QuickLink.app; sourceTree = BUILT_PRODUCTS_DIR; };
		19257D87196BCE0800390C5D /* Foundation.framework */ = {isa = PBXFileReference; lastKnownFileType = wrapper.framework; name = Foundation.framework; path = System/Library/Frameworks/Foundation.framework; sourceTree = SDKROOT; };
		19257D89196BCE0800390C5D /* CoreGraphics.framework */ = {isa = PBXFileReference; lastKnownFileType = wrapper.framework; name = CoreGraphics.framework; path = System/Library/Frameworks/CoreGraphics.framework; sourceTree = SDKROOT; };
		19257D8B196BCE0800390C5D /* UIKit.framework */ = {isa = PBXFileReference; lastKnownFileType = wrapper.framework; name = UIKit.framework; path = System/Library/Frameworks/UIKit.framework; sourceTree = SDKROOT; };
		19257D8D196BCE0800390C5D /* CoreData.framework */ = {isa = PBXFileReference; lastKnownFileType = wrapper.framework; name = CoreData.framework; path = System/Library/Frameworks/CoreData.framework; sourceTree = SDKROOT; };
		19257DA4196BCE0800390C5D /* QuickLinkTests.xctest */ = {isa = PBXFileReference; explicitFileType = wrapper.cfbundle; includeInIndex = 0; path = QuickLinkTests.xctest; sourceTree = BUILT_PRODUCTS_DIR; };
		19257DA5196BCE0800390C5D /* XCTest.framework */ = {isa = PBXFileReference; lastKnownFileType = wrapper.framework; name = XCTest.framework; path = Library/Frameworks/XCTest.framework; sourceTree = DEVELOPER_DIR; };
		19257DAE196BCE0800390C5D /* QuickLinkTests-Info.plist */ = {isa = PBXFileReference; lastKnownFileType = text.plist.xml; path = "QuickLinkTests-Info.plist"; sourceTree = "<group>"; };
		19257DB0196BCE0800390C5D /* en */ = {isa = PBXFileReference; lastKnownFileType = text.plist.strings; name = en; path = en.lproj/InfoPlist.strings; sourceTree = "<group>"; };
		19257DB2196BCE0800390C5D /* QuickLinkTests.m */ = {isa = PBXFileReference; lastKnownFileType = sourcecode.c.objc; path = QuickLinkTests.m; sourceTree = "<group>"; };
		B32E32771977C52A00C007C4 /* ContactsViewController.h */ = {isa = PBXFileReference; fileEncoding = 4; lastKnownFileType = sourcecode.c.h; path = ContactsViewController.h; sourceTree = "<group>"; };
		B32E32781977C52A00C007C4 /* ContactsViewController.m */ = {isa = PBXFileReference; fileEncoding = 4; lastKnownFileType = sourcecode.c.objc; path = ContactsViewController.m; sourceTree = "<group>"; };
		B348047519764B0A007623FD /* ASOBounceButtonView.h */ = {isa = PBXFileReference; fileEncoding = 4; lastKnownFileType = sourcecode.c.h; path = ASOBounceButtonView.h; sourceTree = "<group>"; };
		B348047619764B0A007623FD /* ASOBounceButtonView.m */ = {isa = PBXFileReference; fileEncoding = 4; lastKnownFileType = sourcecode.c.objc; path = ASOBounceButtonView.m; sourceTree = "<group>"; };
		B348047719764B0B007623FD /* ASOBounceButtonViewDelegate.h */ = {isa = PBXFileReference; fileEncoding = 4; lastKnownFileType = sourcecode.c.h; path = ASOBounceButtonViewDelegate.h; sourceTree = "<group>"; };
		B348047A19765347007623FD /* ASOTwoStateButton.h */ = {isa = PBXFileReference; fileEncoding = 4; lastKnownFileType = sourcecode.c.h; path = ASOTwoStateButton.h; sourceTree = "<group>"; };
		B348047B19765347007623FD /* ASOTwoStateButton.m */ = {isa = PBXFileReference; fileEncoding = 4; lastKnownFileType = sourcecode.c.objc; path = ASOTwoStateButton.m; sourceTree = "<group>"; };
		B348047D19765A6F007623FD /* BounceButtonView.h */ = {isa = PBXFileReference; fileEncoding = 4; lastKnownFileType = sourcecode.c.h; path = BounceButtonView.h; sourceTree = "<group>"; };
		B348047E19765A6F007623FD /* BounceButtonView.m */ = {isa = PBXFileReference; fileEncoding = 4; lastKnownFileType = sourcecode.c.objc; path = BounceButtonView.m; sourceTree = "<group>"; };
		B37C6336197429460001404D /* AppDelegate.h */ = {isa = PBXFileReference; fileEncoding = 4; lastKnownFileType = sourcecode.c.h; path = AppDelegate.h; sourceTree = "<group>"; };
		B37C6337197429460001404D /* AppDelegate.m */ = {isa = PBXFileReference; fileEncoding = 4; lastKnownFileType = sourcecode.c.objc; path = AppDelegate.m; sourceTree = "<group>"; };
		B37C6339197429460001404D /* HttpEngine.h */ = {isa = PBXFileReference; fileEncoding = 4; lastKnownFileType = sourcecode.c.h; path = HttpEngine.h; sourceTree = "<group>"; };
		B37C633A197429460001404D /* HttpEngine.m */ = {isa = PBXFileReference; fileEncoding = 4; lastKnownFileType = sourcecode.c.objc; path = HttpEngine.m; sourceTree = "<group>"; };
		B37C633B197429460001404D /* SystemStart.h */ = {isa = PBXFileReference; fileEncoding = 4; lastKnownFileType = sourcecode.c.h; path = SystemStart.h; sourceTree = "<group>"; };
		B37C633C197429460001404D /* SystemStart.m */ = {isa = PBXFileReference; fileEncoding = 4; lastKnownFileType = sourcecode.c.objc; path = SystemStart.m; sourceTree = "<group>"; };
		B37C633D197429460001404D /* YH_FolderContrl.h */ = {isa = PBXFileReference; fileEncoding = 4; lastKnownFileType = sourcecode.c.h; path = YH_FolderContrl.h; sourceTree = "<group>"; };
		B37C633E197429460001404D /* YH_FolderContrl.m */ = {isa = PBXFileReference; fileEncoding = 4; lastKnownFileType = sourcecode.c.objc; path = YH_FolderContrl.m; sourceTree = "<group>"; };
		B37C633F197429460001404D /* YH_PersistenceEngine.h */ = {isa = PBXFileReference; fileEncoding = 4; lastKnownFileType = sourcecode.c.h; path = YH_PersistenceEngine.h; sourceTree = "<group>"; };
		B37C6340197429460001404D /* YH_PersistenceEngine.m */ = {isa = PBXFileReference; fileEncoding = 4; lastKnownFileType = sourcecode.c.objc; path = YH_PersistenceEngine.m; sourceTree = "<group>"; };
		B37C6341197429460001404D /* YH_PushMessageEngine.h */ = {isa = PBXFileReference; fileEncoding = 4; lastKnownFileType = sourcecode.c.h; path = YH_PushMessageEngine.h; sourceTree = "<group>"; };
		B37C6342197429460001404D /* YH_PushMessageEngine.m */ = {isa = PBXFileReference; fileEncoding = 4; lastKnownFileType = sourcecode.c.objc; path = YH_PushMessageEngine.m; sourceTree = "<group>"; };
		B37C6345197429460001404D /* AFHTTPRequestOperation.h */ = {isa = PBXFileReference; fileEncoding = 4; lastKnownFileType = sourcecode.c.h; path = AFHTTPRequestOperation.h; sourceTree = "<group>"; };
		B37C6346197429460001404D /* AFHTTPRequestOperation.m */ = {isa = PBXFileReference; fileEncoding = 4; lastKnownFileType = sourcecode.c.objc; path = AFHTTPRequestOperation.m; sourceTree = "<group>"; };
		B37C6347197429460001404D /* AFHTTPRequestOperationManager.h */ = {isa = PBXFileReference; fileEncoding = 4; lastKnownFileType = sourcecode.c.h; path = AFHTTPRequestOperationManager.h; sourceTree = "<group>"; };
		B37C6348197429460001404D /* AFHTTPRequestOperationManager.m */ = {isa = PBXFileReference; fileEncoding = 4; lastKnownFileType = sourcecode.c.objc; path = AFHTTPRequestOperationManager.m; sourceTree = "<group>"; };
		B37C6349197429460001404D /* AFHTTPSessionManager.h */ = {isa = PBXFileReference; fileEncoding = 4; lastKnownFileType = sourcecode.c.h; path = AFHTTPSessionManager.h; sourceTree = "<group>"; };
		B37C634A197429460001404D /* AFHTTPSessionManager.m */ = {isa = PBXFileReference; fileEncoding = 4; lastKnownFileType = sourcecode.c.objc; path = AFHTTPSessionManager.m; sourceTree = "<group>"; };
		B37C634B197429460001404D /* AFNetworking.h */ = {isa = PBXFileReference; fileEncoding = 4; lastKnownFileType = sourcecode.c.h; path = AFNetworking.h; sourceTree = "<group>"; };
		B37C634C197429460001404D /* AFNetworkReachabilityManager.h */ = {isa = PBXFileReference; fileEncoding = 4; lastKnownFileType = sourcecode.c.h; path = AFNetworkReachabilityManager.h; sourceTree = "<group>"; };
		B37C634D197429460001404D /* AFNetworkReachabilityManager.m */ = {isa = PBXFileReference; fileEncoding = 4; lastKnownFileType = sourcecode.c.objc; path = AFNetworkReachabilityManager.m; sourceTree = "<group>"; };
		B37C634E197429460001404D /* AFSecurityPolicy.h */ = {isa = PBXFileReference; fileEncoding = 4; lastKnownFileType = sourcecode.c.h; path = AFSecurityPolicy.h; sourceTree = "<group>"; };
		B37C634F197429460001404D /* AFSecurityPolicy.m */ = {isa = PBXFileReference; fileEncoding = 4; lastKnownFileType = sourcecode.c.objc; path = AFSecurityPolicy.m; sourceTree = "<group>"; };
		B37C6350197429460001404D /* AFURLConnectionOperation.h */ = {isa = PBXFileReference; fileEncoding = 4; lastKnownFileType = sourcecode.c.h; path = AFURLConnectionOperation.h; sourceTree = "<group>"; };
		B37C6351197429460001404D /* AFURLConnectionOperation.m */ = {isa = PBXFileReference; fileEncoding = 4; lastKnownFileType = sourcecode.c.objc; path = AFURLConnectionOperation.m; sourceTree = "<group>"; };
		B37C6352197429460001404D /* AFURLRequestSerialization.h */ = {isa = PBXFileReference; fileEncoding = 4; lastKnownFileType = sourcecode.c.h; path = AFURLRequestSerialization.h; sourceTree = "<group>"; };
		B37C6353197429460001404D /* AFURLRequestSerialization.m */ = {isa = PBXFileReference; fileEncoding = 4; lastKnownFileType = sourcecode.c.objc; path = AFURLRequestSerialization.m; sourceTree = "<group>"; };
		B37C6354197429460001404D /* AFURLResponseSerialization.h */ = {isa = PBXFileReference; fileEncoding = 4; lastKnownFileType = sourcecode.c.h; path = AFURLResponseSerialization.h; sourceTree = "<group>"; };
		B37C6355197429460001404D /* AFURLResponseSerialization.m */ = {isa = PBXFileReference; fileEncoding = 4; lastKnownFileType = sourcecode.c.objc; path = AFURLResponseSerialization.m; sourceTree = "<group>"; };
		B37C6356197429460001404D /* AFURLSessionManager.h */ = {isa = PBXFileReference; fileEncoding = 4; lastKnownFileType = sourcecode.c.h; path = AFURLSessionManager.h; sourceTree = "<group>"; };
		B37C6357197429460001404D /* AFURLSessionManager.m */ = {isa = PBXFileReference; fileEncoding = 4; lastKnownFileType = sourcecode.c.objc; path = AFURLSessionManager.m; sourceTree = "<group>"; };
		B37C635D197429460001404D /* en */ = {isa = PBXFileReference; lastKnownFileType = text.plist.strings; name = en; path = en.lproj/InfoPlist.strings; sourceTree = "<group>"; };
		B37C635E197429460001404D /* pop-Info.plist */ = {isa = PBXFileReference; fileEncoding = 4; lastKnownFileType = text.plist.xml; path = "pop-Info.plist"; sourceTree = "<group>"; };
		B37C635F197429460001404D /* pop-Prefix.pch */ = {isa = PBXFileReference; fileEncoding = 4; lastKnownFileType = sourcecode.c.h; path = "pop-Prefix.pch"; sourceTree = "<group>"; };
		B37C6360197429460001404D /* POP.h */ = {isa = PBXFileReference; fileEncoding = 4; lastKnownFileType = sourcecode.c.h; path = POP.h; sourceTree = "<group>"; };
		B37C6361197429460001404D /* POPAction.h */ = {isa = PBXFileReference; fileEncoding = 4; lastKnownFileType = sourcecode.c.h; path = POPAction.h; sourceTree = "<group>"; };
		B37C6362197429460001404D /* POPAnimatableProperty.h */ = {isa = PBXFileReference; fileEncoding = 4; lastKnownFileType = sourcecode.c.h; path = POPAnimatableProperty.h; sourceTree = "<group>"; };
		B37C6363197429460001404D /* POPAnimatableProperty.mm */ = {isa = PBXFileReference; fileEncoding = 4; lastKnownFileType = sourcecode.cpp.objcpp; path = POPAnimatableProperty.mm; sourceTree = "<group>"; };
		B37C6364197429460001404D /* POPAnimation.h */ = {isa = PBXFileReference; fileEncoding = 4; lastKnownFileType = sourcecode.c.h; path = POPAnimation.h; sourceTree = "<group>"; };
		B37C6365197429460001404D /* POPAnimation.mm */ = {isa = PBXFileReference; fileEncoding = 4; lastKnownFileType = sourcecode.cpp.objcpp; path = POPAnimation.mm; sourceTree = "<group>"; };
		B37C6366197429460001404D /* POPAnimationEvent.h */ = {isa = PBXFileReference; fileEncoding = 4; lastKnownFileType = sourcecode.c.h; path = POPAnimationEvent.h; sourceTree = "<group>"; };
		B37C6367197429460001404D /* POPAnimationEvent.mm */ = {isa = PBXFileReference; fileEncoding = 4; lastKnownFileType = sourcecode.cpp.objcpp; path = POPAnimationEvent.mm; sourceTree = "<group>"; };
		B37C6368197429460001404D /* POPAnimationEventInternal.h */ = {isa = PBXFileReference; fileEncoding = 4; lastKnownFileType = sourcecode.c.h; path = POPAnimationEventInternal.h; sourceTree = "<group>"; };
		B37C6369197429460001404D /* POPAnimationExtras.h */ = {isa = PBXFileReference; fileEncoding = 4; lastKnownFileType = sourcecode.c.h; path = POPAnimationExtras.h; sourceTree = "<group>"; };
		B37C636A197429460001404D /* POPAnimationExtras.mm */ = {isa = PBXFileReference; fileEncoding = 4; lastKnownFileType = sourcecode.cpp.objcpp; path = POPAnimationExtras.mm; sourceTree = "<group>"; };
		B37C636B197429460001404D /* POPAnimationInternal.h */ = {isa = PBXFileReference; fileEncoding = 4; lastKnownFileType = sourcecode.c.h; path = POPAnimationInternal.h; sourceTree = "<group>"; };
		B37C636C197429460001404D /* POPAnimationPrivate.h */ = {isa = PBXFileReference; fileEncoding = 4; lastKnownFileType = sourcecode.c.h; path = POPAnimationPrivate.h; sourceTree = "<group>"; };
		B37C636D197429460001404D /* POPAnimationRuntime.h */ = {isa = PBXFileReference; fileEncoding = 4; lastKnownFileType = sourcecode.c.h; path = POPAnimationRuntime.h; sourceTree = "<group>"; };
		B37C636E197429460001404D /* POPAnimationRuntime.mm */ = {isa = PBXFileReference; fileEncoding = 4; lastKnownFileType = sourcecode.cpp.objcpp; path = POPAnimationRuntime.mm; sourceTree = "<group>"; };
		B37C636F197429460001404D /* POPAnimationTracer.h */ = {isa = PBXFileReference; fileEncoding = 4; lastKnownFileType = sourcecode.c.h; path = POPAnimationTracer.h; sourceTree = "<group>"; };
		B37C6370197429460001404D /* POPAnimationTracer.mm */ = {isa = PBXFileReference; fileEncoding = 4; lastKnownFileType = sourcecode.cpp.objcpp; path = POPAnimationTracer.mm; sourceTree = "<group>"; };
		B37C6371197429460001404D /* POPAnimationTracerInternal.h */ = {isa = PBXFileReference; fileEncoding = 4; lastKnownFileType = sourcecode.c.h; path = POPAnimationTracerInternal.h; sourceTree = "<group>"; };
		B37C6372197429460001404D /* POPAnimator.h */ = {isa = PBXFileReference; fileEncoding = 4; lastKnownFileType = sourcecode.c.h; path = POPAnimator.h; sourceTree = "<group>"; };
		B37C6373197429460001404D /* POPAnimator.mm */ = {isa = PBXFileReference; fileEncoding = 4; lastKnownFileType = sourcecode.cpp.objcpp; path = POPAnimator.mm; sourceTree = "<group>"; };
		B37C6374197429460001404D /* POPAnimatorPrivate.h */ = {isa = PBXFileReference; fileEncoding = 4; lastKnownFileType = sourcecode.c.h; path = POPAnimatorPrivate.h; sourceTree = "<group>"; };
		B37C6375197429460001404D /* POPBasicAnimation.h */ = {isa = PBXFileReference; fileEncoding = 4; lastKnownFileType = sourcecode.c.h; path = POPBasicAnimation.h; sourceTree = "<group>"; };
		B37C6376197429460001404D /* POPBasicAnimation.mm */ = {isa = PBXFileReference; fileEncoding = 4; lastKnownFileType = sourcecode.cpp.objcpp; path = POPBasicAnimation.mm; sourceTree = "<group>"; };
		B37C6377197429460001404D /* POPBasicAnimationInternal.h */ = {isa = PBXFileReference; fileEncoding = 4; lastKnownFileType = sourcecode.c.h; path = POPBasicAnimationInternal.h; sourceTree = "<group>"; };
		B37C6378197429460001404D /* POPCGUtils.h */ = {isa = PBXFileReference; fileEncoding = 4; lastKnownFileType = sourcecode.c.h; path = POPCGUtils.h; sourceTree = "<group>"; };
		B37C6379197429460001404D /* POPCGUtils.mm */ = {isa = PBXFileReference; fileEncoding = 4; lastKnownFileType = sourcecode.cpp.objcpp; path = POPCGUtils.mm; sourceTree = "<group>"; };
		B37C637A197429460001404D /* POPCustomAnimation.h */ = {isa = PBXFileReference; fileEncoding = 4; lastKnownFileType = sourcecode.c.h; path = POPCustomAnimation.h; sourceTree = "<group>"; };
		B37C637B197429460001404D /* POPCustomAnimation.mm */ = {isa = PBXFileReference; fileEncoding = 4; lastKnownFileType = sourcecode.cpp.objcpp; path = POPCustomAnimation.mm; sourceTree = "<group>"; };
		B37C637C197429460001404D /* POPDecayAnimation.h */ = {isa = PBXFileReference; fileEncoding = 4; lastKnownFileType = sourcecode.c.h; path = POPDecayAnimation.h; sourceTree = "<group>"; };
		B37C637D197429460001404D /* POPDecayAnimation.mm */ = {isa = PBXFileReference; fileEncoding = 4; lastKnownFileType = sourcecode.cpp.objcpp; path = POPDecayAnimation.mm; sourceTree = "<group>"; };
		B37C637E197429460001404D /* POPDecayAnimationInternal.h */ = {isa = PBXFileReference; fileEncoding = 4; lastKnownFileType = sourcecode.c.h; path = POPDecayAnimationInternal.h; sourceTree = "<group>"; };
		B37C637F197429460001404D /* POPDefines.h */ = {isa = PBXFileReference; fileEncoding = 4; lastKnownFileType = sourcecode.c.h; path = POPDefines.h; sourceTree = "<group>"; };
		B37C6380197429460001404D /* POPGeometry.h */ = {isa = PBXFileReference; fileEncoding = 4; lastKnownFileType = sourcecode.c.h; path = POPGeometry.h; sourceTree = "<group>"; };
		B37C6381197429460001404D /* POPGeometry.mm */ = {isa = PBXFileReference; fileEncoding = 4; lastKnownFileType = sourcecode.cpp.objcpp; path = POPGeometry.mm; sourceTree = "<group>"; };
		B37C6382197429460001404D /* POPLayerExtras.h */ = {isa = PBXFileReference; fileEncoding = 4; lastKnownFileType = sourcecode.c.h; path = POPLayerExtras.h; sourceTree = "<group>"; };
		B37C6383197429460001404D /* POPLayerExtras.mm */ = {isa = PBXFileReference; fileEncoding = 4; lastKnownFileType = sourcecode.cpp.objcpp; path = POPLayerExtras.mm; sourceTree = "<group>"; };
		B37C6384197429460001404D /* POPMath.h */ = {isa = PBXFileReference; fileEncoding = 4; lastKnownFileType = sourcecode.c.h; path = POPMath.h; sourceTree = "<group>"; };
		B37C6385197429460001404D /* POPMath.mm */ = {isa = PBXFileReference; fileEncoding = 4; lastKnownFileType = sourcecode.cpp.objcpp; path = POPMath.mm; sourceTree = "<group>"; };
		B37C6386197429460001404D /* POPPropertyAnimation.h */ = {isa = PBXFileReference; fileEncoding = 4; lastKnownFileType = sourcecode.c.h; path = POPPropertyAnimation.h; sourceTree = "<group>"; };
		B37C6387197429460001404D /* POPPropertyAnimation.mm */ = {isa = PBXFileReference; fileEncoding = 4; lastKnownFileType = sourcecode.cpp.objcpp; path = POPPropertyAnimation.mm; sourceTree = "<group>"; };
		B37C6388197429460001404D /* POPPropertyAnimationInternal.h */ = {isa = PBXFileReference; fileEncoding = 4; lastKnownFileType = sourcecode.c.h; path = POPPropertyAnimationInternal.h; sourceTree = "<group>"; };
		B37C6389197429460001404D /* POPSpringAnimation.h */ = {isa = PBXFileReference; fileEncoding = 4; lastKnownFileType = sourcecode.c.h; path = POPSpringAnimation.h; sourceTree = "<group>"; };
		B37C638A197429460001404D /* POPSpringAnimation.mm */ = {isa = PBXFileReference; fileEncoding = 4; lastKnownFileType = sourcecode.cpp.objcpp; path = POPSpringAnimation.mm; sourceTree = "<group>"; };
		B37C638B197429460001404D /* POPSpringAnimationInternal.h */ = {isa = PBXFileReference; fileEncoding = 4; lastKnownFileType = sourcecode.c.h; path = POPSpringAnimationInternal.h; sourceTree = "<group>"; };
		B37C638C197429460001404D /* POPSpringSolver.h */ = {isa = PBXFileReference; fileEncoding = 4; lastKnownFileType = sourcecode.c.h; path = POPSpringSolver.h; sourceTree = "<group>"; };
		B37C638D197429460001404D /* POPVector.h */ = {isa = PBXFileReference; fileEncoding = 4; lastKnownFileType = sourcecode.c.h; path = POPVector.h; sourceTree = "<group>"; };
		B37C638E197429460001404D /* POPVector.mm */ = {isa = PBXFileReference; fileEncoding = 4; lastKnownFileType = sourcecode.cpp.objcpp; path = POPVector.mm; sourceTree = "<group>"; };
		B37C6390197429460001404D /* FloatConversion.h */ = {isa = PBXFileReference; fileEncoding = 4; lastKnownFileType = sourcecode.c.h; path = FloatConversion.h; sourceTree = "<group>"; };
		B37C6391197429460001404D /* TransformationMatrix.cpp */ = {isa = PBXFileReference; fileEncoding = 4; lastKnownFileType = sourcecode.cpp.cpp; path = TransformationMatrix.cpp; sourceTree = "<group>"; };
		B37C6392197429460001404D /* TransformationMatrix.h */ = {isa = PBXFileReference; fileEncoding = 4; lastKnownFileType = sourcecode.c.h; path = TransformationMatrix.h; sourceTree = "<group>"; };
		B37C6393197429460001404D /* UnitBezier.h */ = {isa = PBXFileReference; fileEncoding = 4; lastKnownFileType = sourcecode.c.h; path = UnitBezier.h; sourceTree = "<group>"; };
		B37C6395197429460001404D /* YH_Header.h */ = {isa = PBXFileReference; fileEncoding = 4; lastKnownFileType = sourcecode.c.h; path = YH_Header.h; sourceTree = "<group>"; };
		B37C6396197429460001404D /* YH_Log.h */ = {isa = PBXFileReference; fileEncoding = 4; lastKnownFileType = sourcecode.c.h; path = YH_Log.h; sourceTree = "<group>"; };
		B37C6397197429460001404D /* YH_Log.m */ = {isa = PBXFileReference; fileEncoding = 4; lastKnownFileType = sourcecode.c.objc; path = YH_Log.m; sourceTree = "<group>"; };
		B37C6399197429460001404D /* RIButtonItem.h */ = {isa = PBXFileReference; fileEncoding = 4; lastKnownFileType = sourcecode.c.h; path = RIButtonItem.h; sourceTree = "<group>"; };
		B37C639A197429460001404D /* RIButtonItem.m */ = {isa = PBXFileReference; fileEncoding = 4; lastKnownFileType = sourcecode.c.objc; path = RIButtonItem.m; sourceTree = "<group>"; };
		B37C639B197429460001404D /* UIActionSheet+Blocks.h */ = {isa = PBXFileReference; fileEncoding = 4; lastKnownFileType = sourcecode.c.h; path = "UIActionSheet+Blocks.h"; sourceTree = "<group>"; };
		B37C639C197429460001404D /* UIActionSheet+Blocks.m */ = {isa = PBXFileReference; fileEncoding = 4; lastKnownFileType = sourcecode.c.objc; path = "UIActionSheet+Blocks.m"; sourceTree = "<group>"; };
		B37C639D197429460001404D /* UIAlertView+Blocks.h */ = {isa = PBXFileReference; fileEncoding = 4; lastKnownFileType = sourcecode.c.h; path = "UIAlertView+Blocks.h"; sourceTree = "<group>"; };
		B37C639E197429460001404D /* UIAlertView+Blocks.m */ = {isa = PBXFileReference; fileEncoding = 4; lastKnownFileType = sourcecode.c.objc; path = "UIAlertView+Blocks.m"; sourceTree = "<group>"; };
		B37C639F197429460001404D /* UIView+Frame.h */ = {isa = PBXFileReference; fileEncoding = 4; lastKnownFileType = sourcecode.c.h; path = "UIView+Frame.h"; sourceTree = "<group>"; };
		B37C63A0197429460001404D /* UIView+Frame.m */ = {isa = PBXFileReference; fileEncoding = 4; lastKnownFileType = sourcecode.c.objc; path = "UIView+Frame.m"; sourceTree = "<group>"; };
		B37C63A2197429460001404D /* en */ = {isa = PBXFileReference; lastKnownFileType = text.plist.strings; name = en; path = en.lproj/InfoPlist.strings; sourceTree = "<group>"; };
		B37C63A3197429460001404D /* Images.xcassets */ = {isa = PBXFileReference; lastKnownFileType = folder.assetcatalog; path = Images.xcassets; sourceTree = "<group>"; };
		B37C63A4197429460001404D /* main.m */ = {isa = PBXFileReference; fileEncoding = 4; lastKnownFileType = sourcecode.c.objc; path = main.m; sourceTree = "<group>"; };
		B37C63A6197429460001404D /* Global.h */ = {isa = PBXFileReference; fileEncoding = 4; lastKnownFileType = sourcecode.c.h; path = Global.h; sourceTree = "<group>"; };
		B37C63A7197429460001404D /* Global.m */ = {isa = PBXFileReference; fileEncoding = 4; lastKnownFileType = sourcecode.c.objc; path = Global.m; sourceTree = "<group>"; };
		B37C63A9197429460001404D /* QuickLink-Prefix.pch */ = {isa = PBXFileReference; fileEncoding = 4; lastKnownFileType = sourcecode.c.h; path = "QuickLink-Prefix.pch"; sourceTree = "<group>"; };
		B37C63AB197429460001404D /* QuickLink.xcdatamodel */ = {isa = PBXFileReference; lastKnownFileType = wrapper.xcdatamodel; path = QuickLink.xcdatamodel; sourceTree = "<group>"; };
		B37C63AF197429460001404D /* YH_NavigationViewController.h */ = {isa = PBXFileReference; fileEncoding = 4; lastKnownFileType = sourcecode.c.h; path = YH_NavigationViewController.h; sourceTree = "<group>"; };
		B37C63B0197429460001404D /* YH_NavigationViewController.m */ = {isa = PBXFileReference; fileEncoding = 4; lastKnownFileType = sourcecode.c.objc; path = YH_NavigationViewController.m; sourceTree = "<group>"; };
		B37C63B2197429460001404D /* YH_HomeViewController.h */ = {isa = PBXFileReference; fileEncoding = 4; lastKnownFileType = sourcecode.c.h; path = YH_HomeViewController.h; sourceTree = "<group>"; };
		B37C63B3197429460001404D /* YH_HomeViewController.m */ = {isa = PBXFileReference; fileEncoding = 4; lastKnownFileType = sourcecode.c.objc; path = YH_HomeViewController.m; sourceTree = "<group>"; };
		B37C63B7197429460001404D /* QuickLinkMain.storyboard */ = {isa = PBXFileReference; fileEncoding = 4; lastKnownFileType = file.storyboard; name = QuickLinkMain.storyboard; path = ../Views/QuickLinkMain.storyboard; sourceTree = "<group>"; };
		B37C63EE19742B1E0001404D /* QuickLink-Info.plist */ = {isa = PBXFileReference; fileEncoding = 4; lastKnownFileType = text.plist.xml; path = "QuickLink-Info.plist"; sourceTree = "<group>"; };
		B37CBCA219797BF200E7B7C1 /* Contacts.csv */ = {isa = PBXFileReference; fileEncoding = 4; lastKnownFileType = text; path = Contacts.csv; sourceTree = "<group>"; };
		B37CBCA619797F9200E7B7C1 /* Contacts.xcdatamodel */ = {isa = PBXFileReference; lastKnownFileType = wrapper.xcdatamodel; path = Contacts.xcdatamodel; sourceTree = "<group>"; };
		B389A9A61975618300F85A0E /* NJKScrollFullScreen.h */ = {isa = PBXFileReference; fileEncoding = 4; lastKnownFileType = sourcecode.c.h; path = NJKScrollFullScreen.h; sourceTree = "<group>"; };
		B389A9A71975618300F85A0E /* NJKScrollFullScreen.m */ = {isa = PBXFileReference; fileEncoding = 4; lastKnownFileType = sourcecode.c.objc; path = NJKScrollFullScreen.m; sourceTree = "<group>"; };
		B389A9A81975618300F85A0E /* UIViewController+NJKFullScreenSupport.h */ = {isa = PBXFileReference; fileEncoding = 4; lastKnownFileType = sourcecode.c.h; path = "UIViewController+NJKFullScreenSupport.h"; sourceTree = "<group>"; };
		B389A9A91975618300F85A0E /* UIViewController+NJKFullScreenSupport.m */ = {isa = PBXFileReference; fileEncoding = 4; lastKnownFileType = sourcecode.c.objc; path = "UIViewController+NJKFullScreenSupport.m"; sourceTree = "<group>"; };
		B389A9AE197569AD00F85A0E /* FAAnimationBounces.h */ = {isa = PBXFileReference; fileEncoding = 4; lastKnownFileType = sourcecode.c.h; path = FAAnimationBounces.h; sourceTree = "<group>"; };
		B389A9AF197569AD00F85A0E /* FAAnimationBounces.m */ = {isa = PBXFileReference; fileEncoding = 4; lastKnownFileType = sourcecode.c.objc; path = FAAnimationBounces.m; sourceTree = "<group>"; };
		B389A9B0197569AD00F85A0E /* FAAnimationGroup.h */ = {isa = PBXFileReference; fileEncoding = 4; lastKnownFileType = sourcecode.c.h; path = FAAnimationGroup.h; sourceTree = "<group>"; };
		B389A9B1197569AD00F85A0E /* FAAnimationGroup.m */ = {isa = PBXFileReference; fileEncoding = 4; lastKnownFileType = sourcecode.c.objc; path = FAAnimationGroup.m; sourceTree = "<group>"; };
		B389A9B2197569AD00F85A0E /* FAAnimationShake.h */ = {isa = PBXFileReference; fileEncoding = 4; lastKnownFileType = sourcecode.c.h; path = FAAnimationShake.h; sourceTree = "<group>"; };
		B389A9B3197569AD00F85A0E /* FAAnimationShake.m */ = {isa = PBXFileReference; fileEncoding = 4; lastKnownFileType = sourcecode.c.objc; path = FAAnimationShake.m; sourceTree = "<group>"; };
		B389A9B4197569AD00F85A0E /* FAAnimationZoomIn.h */ = {isa = PBXFileReference; fileEncoding = 4; lastKnownFileType = sourcecode.c.h; path = FAAnimationZoomIn.h; sourceTree = "<group>"; };
		B389A9B5197569AD00F85A0E /* FAAnimationZoomIn.m */ = {isa = PBXFileReference; fileEncoding = 4; lastKnownFileType = sourcecode.c.objc; path = FAAnimationZoomIn.m; sourceTree = "<group>"; };
		B389A9B6197569AD00F85A0E /* FAAnimationZoomOut.h */ = {isa = PBXFileReference; fileEncoding = 4; lastKnownFileType = sourcecode.c.h; path = FAAnimationZoomOut.h; sourceTree = "<group>"; };
		B389A9B7197569AD00F85A0E /* FAAnimationZoomOut.m */ = {isa = PBXFileReference; fileEncoding = 4; lastKnownFileType = sourcecode.c.objc; path = FAAnimationZoomOut.m; sourceTree = "<group>"; };
		B389A9B9197569AD00F85A0E /* FAAnimationButtonScale.h */ = {isa = PBXFileReference; fileEncoding = 4; lastKnownFileType = sourcecode.c.h; path = FAAnimationButtonScale.h; sourceTree = "<group>"; };
		B389A9BA197569AD00F85A0E /* FAAnimationButtonScale.m */ = {isa = PBXFileReference; fileEncoding = 4; lastKnownFileType = sourcecode.c.objc; path = FAAnimationButtonScale.m; sourceTree = "<group>"; };
		B389A9BC197569AD00F85A0E /* FastAnimationProtocol.h */ = {isa = PBXFileReference; fileEncoding = 4; lastKnownFileType = sourcecode.c.h; path = FastAnimationProtocol.h; sourceTree = "<group>"; };
		B389A9BD197569AD00F85A0E /* FastAnimiationUitls.h */ = {isa = PBXFileReference; fileEncoding = 4; lastKnownFileType = sourcecode.c.h; path = FastAnimiationUitls.h; sourceTree = "<group>"; };
		B389A9BE197569AD00F85A0E /* FastAnimiationUitls.m */ = {isa = PBXFileReference; fileEncoding = 4; lastKnownFileType = sourcecode.c.objc; path = FastAnimiationUitls.m; sourceTree = "<group>"; };
		B389A9BF197569AD00F85A0E /* NSObject+FastAnimation.h */ = {isa = PBXFileReference; fileEncoding = 4; lastKnownFileType = sourcecode.c.h; path = "NSObject+FastAnimation.h"; sourceTree = "<group>"; };
		B389A9C0197569AD00F85A0E /* NSObject+FastAnimation.m */ = {isa = PBXFileReference; fileEncoding = 4; lastKnownFileType = sourcecode.c.objc; path = "NSObject+FastAnimation.m"; sourceTree = "<group>"; };
		B389A9C1197569AD00F85A0E /* UIControl+FastAnimation.h */ = {isa = PBXFileReference; fileEncoding = 4; lastKnownFileType = sourcecode.c.h; path = "UIControl+FastAnimation.h"; sourceTree = "<group>"; };
		B389A9C2197569AD00F85A0E /* UIControl+FastAnimation.m */ = {isa = PBXFileReference; fileEncoding = 4; lastKnownFileType = sourcecode.c.objc; path = "UIControl+FastAnimation.m"; sourceTree = "<group>"; };
		B389A9C3197569AD00F85A0E /* UIView+FastAnimation.h */ = {isa = PBXFileReference; fileEncoding = 4; lastKnownFileType = sourcecode.c.h; path = "UIView+FastAnimation.h"; sourceTree = "<group>"; };
		B389A9C4197569AD00F85A0E /* UIView+FastAnimation.m */ = {isa = PBXFileReference; fileEncoding = 4; lastKnownFileType = sourcecode.c.objc; path = "UIView+FastAnimation.m"; sourceTree = "<group>"; };
		B389A9C5197569AD00F85A0E /* FastAnimationWithPop-Prefix.pch */ = {isa = PBXFileReference; fileEncoding = 4; lastKnownFileType = sourcecode.c.h; path = "FastAnimationWithPop-Prefix.pch"; sourceTree = "<group>"; };
		B389A9C6197569AD00F85A0E /* FastAnimationWithPop.h */ = {isa = PBXFileReference; fileEncoding = 4; lastKnownFileType = sourcecode.c.h; path = FastAnimationWithPop.h; sourceTree = "<group>"; };
		B3A802CF19780B5F0005178C /* CallRecordViewController.h */ = {isa = PBXFileReference; fileEncoding = 4; lastKnownFileType = sourcecode.c.h; path = CallRecordViewController.h; sourceTree = "<group>"; };
		B3A802D019780B5F0005178C /* CallRecordViewController.m */ = {isa = PBXFileReference; fileEncoding = 4; lastKnownFileType = sourcecode.c.objc; path = CallRecordViewController.m; sourceTree = "<group>"; };
		B3A802D2197812370005178C /* SettingViewController.h */ = {isa = PBXFileReference; fileEncoding = 4; lastKnownFileType = sourcecode.c.h; path = SettingViewController.h; sourceTree = "<group>"; };
		B3A802D3197812370005178C /* SettingViewController.m */ = {isa = PBXFileReference; fileEncoding = 4; lastKnownFileType = sourcecode.c.objc; path = SettingViewController.m; sourceTree = "<group>"; };
/* End PBXFileReference section */

/* Begin PBXFrameworksBuildPhase section */
		19257D81196BCE0800390C5D /* Frameworks */ = {
			isa = PBXFrameworksBuildPhase;
			buildActionMask = 2147483647;
			files = (
				19257D8A196BCE0800390C5D /* CoreGraphics.framework in Frameworks */,
				19257D8E196BCE0800390C5D /* CoreData.framework in Frameworks */,
				19257D8C196BCE0800390C5D /* UIKit.framework in Frameworks */,
				19257D88196BCE0800390C5D /* Foundation.framework in Frameworks */,
			);
			runOnlyForDeploymentPostprocessing = 0;
		};
		19257DA1196BCE0800390C5D /* Frameworks */ = {
			isa = PBXFrameworksBuildPhase;
			buildActionMask = 2147483647;
			files = (
				19257DA6196BCE0800390C5D /* XCTest.framework in Frameworks */,
				19257DA9196BCE0800390C5D /* CoreData.framework in Frameworks */,
				19257DA8196BCE0800390C5D /* UIKit.framework in Frameworks */,
				19257DA7196BCE0800390C5D /* Foundation.framework in Frameworks */,
			);
			runOnlyForDeploymentPostprocessing = 0;
		};
/* End PBXFrameworksBuildPhase section */

/* Begin PBXGroup section */
		19257D7B196BCE0800390C5D = {
			isa = PBXGroup;
			children = (
				B37C6335197429460001404D /* QuickLink */,
				19257DAC196BCE0800390C5D /* QuickLinkTests */,
				19257D86196BCE0800390C5D /* Frameworks */,
				19257D85196BCE0800390C5D /* Products */,
			);
			sourceTree = "<group>";
		};
		19257D85196BCE0800390C5D /* Products */ = {
			isa = PBXGroup;
			children = (
				19257D84196BCE0800390C5D /* QuickLink.app */,
				19257DA4196BCE0800390C5D /* QuickLinkTests.xctest */,
			);
			name = Products;
			sourceTree = "<group>";
		};
		19257D86196BCE0800390C5D /* Frameworks */ = {
			isa = PBXGroup;
			children = (
				19257D87196BCE0800390C5D /* Foundation.framework */,
				19257D89196BCE0800390C5D /* CoreGraphics.framework */,
				19257D8B196BCE0800390C5D /* UIKit.framework */,
				19257D8D196BCE0800390C5D /* CoreData.framework */,
				19257DA5196BCE0800390C5D /* XCTest.framework */,
			);
			name = Frameworks;
			sourceTree = "<group>";
		};
		19257DAC196BCE0800390C5D /* QuickLinkTests */ = {
			isa = PBXGroup;
			children = (
				19257DB2196BCE0800390C5D /* QuickLinkTests.m */,
				19257DAD196BCE0800390C5D /* Supporting Files */,
			);
			path = QuickLinkTests;
			sourceTree = "<group>";
		};
		19257DAD196BCE0800390C5D /* Supporting Files */ = {
			isa = PBXGroup;
			children = (
				19257DAE196BCE0800390C5D /* QuickLinkTests-Info.plist */,
				19257DAF196BCE0800390C5D /* InfoPlist.strings */,
			);
			name = "Supporting Files";
			sourceTree = "<group>";
		};
		B348047419764B0A007623FD /* BounceButton */ = {
			isa = PBXGroup;
			children = (
				B348047519764B0A007623FD /* ASOBounceButtonView.h */,
				B348047619764B0A007623FD /* ASOBounceButtonView.m */,
				B348047719764B0B007623FD /* ASOBounceButtonViewDelegate.h */,
			);
			path = BounceButton;
			sourceTree = "<group>";
		};
		B348047919765347007623FD /* TwoStateButton */ = {
			isa = PBXGroup;
			children = (
				B348047A19765347007623FD /* ASOTwoStateButton.h */,
				B348047B19765347007623FD /* ASOTwoStateButton.m */,
			);
			path = TwoStateButton;
			sourceTree = "<group>";
		};
		B37C6335197429460001404D /* QuickLink */ = {
			isa = PBXGroup;
			children = (
				B37C6336197429460001404D /* AppDelegate.h */,
				B37C6337197429460001404D /* AppDelegate.m */,
				B37C6338197429460001404D /* Controls */,
				B37C6343197429460001404D /* Dependences */,
				B37C63A5197429460001404D /* Models */,
				B37C63AC197429460001404D /* Views */,
				B37C63A1197429460001404D /* InfoPlist.strings */,
				B37C63A3197429460001404D /* Images.xcassets */,
				B389A9D1197577C500F85A0E /* Resources */,
				B37C63A4197429460001404D /* main.m */,
				B37C63A9197429460001404D /* QuickLink-Prefix.pch */,
				B37C63EE19742B1E0001404D /* QuickLink-Info.plist */,
				B37C63AA197429460001404D /* QuickLink.xcdatamodeld */,
			);
			path = QuickLink;
			sourceTree = "<group>";
		};
		B37C6338197429460001404D /* Controls */ = {
			isa = PBXGroup;
			children = (
				B37C6339197429460001404D /* HttpEngine.h */,
				B37C633A197429460001404D /* HttpEngine.m */,
				B37C633B197429460001404D /* SystemStart.h */,
				B37C633C197429460001404D /* SystemStart.m */,
				B37C633D197429460001404D /* YH_FolderContrl.h */,
				B37C633E197429460001404D /* YH_FolderContrl.m */,
				B37C633F197429460001404D /* YH_PersistenceEngine.h */,
				B37C6340197429460001404D /* YH_PersistenceEngine.m */,
				B37C6341197429460001404D /* YH_PushMessageEngine.h */,
				B37C6342197429460001404D /* YH_PushMessageEngine.m */,
			);
			path = Controls;
			sourceTree = "<group>";
		};
		B37C6343197429460001404D /* Dependences */ = {
			isa = PBXGroup;
			children = (
				B348047919765347007623FD /* TwoStateButton */,
				B348047419764B0A007623FD /* BounceButton */,
				B389A9AC197569AD00F85A0E /* FastAnimationWithPop */,
				B389A9A51975618300F85A0E /* NJKScrollFullScreen */,
				B37C6344197429460001404D /* AFNetworking */,
				B37C635B197429460001404D /* pop */,
				B37C6394197429460001404D /* YHUtility */,
			);
			path = Dependences;
			sourceTree = "<group>";
		};
		B37C6344197429460001404D /* AFNetworking */ = {
			isa = PBXGroup;
			children = (
				B37C6345197429460001404D /* AFHTTPRequestOperation.h */,
				B37C6346197429460001404D /* AFHTTPRequestOperation.m */,
				B37C6347197429460001404D /* AFHTTPRequestOperationManager.h */,
				B37C6348197429460001404D /* AFHTTPRequestOperationManager.m */,
				B37C6349197429460001404D /* AFHTTPSessionManager.h */,
				B37C634A197429460001404D /* AFHTTPSessionManager.m */,
				B37C634B197429460001404D /* AFNetworking.h */,
				B37C634C197429460001404D /* AFNetworkReachabilityManager.h */,
				B37C634D197429460001404D /* AFNetworkReachabilityManager.m */,
				B37C634E197429460001404D /* AFSecurityPolicy.h */,
				B37C634F197429460001404D /* AFSecurityPolicy.m */,
				B37C6350197429460001404D /* AFURLConnectionOperation.h */,
				B37C6351197429460001404D /* AFURLConnectionOperation.m */,
				B37C6352197429460001404D /* AFURLRequestSerialization.h */,
				B37C6353197429460001404D /* AFURLRequestSerialization.m */,
				B37C6354197429460001404D /* AFURLResponseSerialization.h */,
				B37C6355197429460001404D /* AFURLResponseSerialization.m */,
				B37C6356197429460001404D /* AFURLSessionManager.h */,
				B37C6357197429460001404D /* AFURLSessionManager.m */,
			);
			path = AFNetworking;
			sourceTree = "<group>";
		};
		B37C635B197429460001404D /* pop */ = {
			isa = PBXGroup;
			children = (
				B37C635C197429460001404D /* InfoPlist.strings */,
				B37C635E197429460001404D /* pop-Info.plist */,
				B37C635F197429460001404D /* pop-Prefix.pch */,
				B37C6360197429460001404D /* POP.h */,
				B37C6361197429460001404D /* POPAction.h */,
				B37C6362197429460001404D /* POPAnimatableProperty.h */,
				B37C6363197429460001404D /* POPAnimatableProperty.mm */,
				B37C6364197429460001404D /* POPAnimation.h */,
				B37C6365197429460001404D /* POPAnimation.mm */,
				B37C6366197429460001404D /* POPAnimationEvent.h */,
				B37C6367197429460001404D /* POPAnimationEvent.mm */,
				B37C6368197429460001404D /* POPAnimationEventInternal.h */,
				B37C6369197429460001404D /* POPAnimationExtras.h */,
				B37C636A197429460001404D /* POPAnimationExtras.mm */,
				B37C636B197429460001404D /* POPAnimationInternal.h */,
				B37C636C197429460001404D /* POPAnimationPrivate.h */,
				B37C636D197429460001404D /* POPAnimationRuntime.h */,
				B37C636E197429460001404D /* POPAnimationRuntime.mm */,
				B37C636F197429460001404D /* POPAnimationTracer.h */,
				B37C6370197429460001404D /* POPAnimationTracer.mm */,
				B37C6371197429460001404D /* POPAnimationTracerInternal.h */,
				B37C6372197429460001404D /* POPAnimator.h */,
				B37C6373197429460001404D /* POPAnimator.mm */,
				B37C6374197429460001404D /* POPAnimatorPrivate.h */,
				B37C6375197429460001404D /* POPBasicAnimation.h */,
				B37C6376197429460001404D /* POPBasicAnimation.mm */,
				B37C6377197429460001404D /* POPBasicAnimationInternal.h */,
				B37C6378197429460001404D /* POPCGUtils.h */,
				B37C6379197429460001404D /* POPCGUtils.mm */,
				B37C637A197429460001404D /* POPCustomAnimation.h */,
				B37C637B197429460001404D /* POPCustomAnimation.mm */,
				B37C637C197429460001404D /* POPDecayAnimation.h */,
				B37C637D197429460001404D /* POPDecayAnimation.mm */,
				B37C637E197429460001404D /* POPDecayAnimationInternal.h */,
				B37C637F197429460001404D /* POPDefines.h */,
				B37C6380197429460001404D /* POPGeometry.h */,
				B37C6381197429460001404D /* POPGeometry.mm */,
				B37C6382197429460001404D /* POPLayerExtras.h */,
				B37C6383197429460001404D /* POPLayerExtras.mm */,
				B37C6384197429460001404D /* POPMath.h */,
				B37C6385197429460001404D /* POPMath.mm */,
				B37C6386197429460001404D /* POPPropertyAnimation.h */,
				B37C6387197429460001404D /* POPPropertyAnimation.mm */,
				B37C6388197429460001404D /* POPPropertyAnimationInternal.h */,
				B37C6389197429460001404D /* POPSpringAnimation.h */,
				B37C638A197429460001404D /* POPSpringAnimation.mm */,
				B37C638B197429460001404D /* POPSpringAnimationInternal.h */,
				B37C638C197429460001404D /* POPSpringSolver.h */,
				B37C638D197429460001404D /* POPVector.h */,
				B37C638E197429460001404D /* POPVector.mm */,
				B37C638F197429460001404D /* WebCore */,
			);
			path = pop;
			sourceTree = "<group>";
		};
		B37C638F197429460001404D /* WebCore */ = {
			isa = PBXGroup;
			children = (
				B37C6390197429460001404D /* FloatConversion.h */,
				B37C6391197429460001404D /* TransformationMatrix.cpp */,
				B37C6392197429460001404D /* TransformationMatrix.h */,
				B37C6393197429460001404D /* UnitBezier.h */,
			);
			path = WebCore;
			sourceTree = "<group>";
		};
		B37C6394197429460001404D /* YHUtility */ = {
			isa = PBXGroup;
			children = (
				B37C6395197429460001404D /* YH_Header.h */,
				B37C6396197429460001404D /* YH_Log.h */,
				B37C6397197429460001404D /* YH_Log.m */,
				B37C6398197429460001404D /* YHCategory */,
			);
			path = YHUtility;
			sourceTree = "<group>";
		};
		B37C6398197429460001404D /* YHCategory */ = {
			isa = PBXGroup;
			children = (
				B37C6399197429460001404D /* RIButtonItem.h */,
				B37C639A197429460001404D /* RIButtonItem.m */,
				B37C639B197429460001404D /* UIActionSheet+Blocks.h */,
				B37C639C197429460001404D /* UIActionSheet+Blocks.m */,
				B37C639D197429460001404D /* UIAlertView+Blocks.h */,
				B37C639E197429460001404D /* UIAlertView+Blocks.m */,
				B37C639F197429460001404D /* UIView+Frame.h */,
				B37C63A0197429460001404D /* UIView+Frame.m */,
			);
			path = YHCategory;
			sourceTree = "<group>";
		};
		B37C63A5197429460001404D /* Models */ = {
			isa = PBXGroup;
			children = (
				B37C63A6197429460001404D /* Global.h */,
				B37C63A7197429460001404D /* Global.m */,
			);
			path = Models;
			sourceTree = "<group>";
		};
		B37C63AC197429460001404D /* Views */ = {
			isa = PBXGroup;
			children = (
				B37C63AD197429460001404D /* Home */,
			);
			path = Views;
			sourceTree = "<group>";
		};
		B37C63AD197429460001404D /* Home */ = {
			isa = PBXGroup;
			children = (
				B37C63AE197429460001404D /* CustomViews */,
				B37C63B1197429460001404D /* Home */,
			);
			path = Home;
			sourceTree = "<group>";
		};
		B37C63AE197429460001404D /* CustomViews */ = {
			isa = PBXGroup;
			children = (
				B37C63AF197429460001404D /* YH_NavigationViewController.h */,
				B37C63B0197429460001404D /* YH_NavigationViewController.m */,
			);
			path = CustomViews;
			sourceTree = "<group>";
		};
		B37C63B1197429460001404D /* Home */ = {
			isa = PBXGroup;
			children = (
				B348047D19765A6F007623FD /* BounceButtonView.h */,
				B348047E19765A6F007623FD /* BounceButtonView.m */,
				B37C63B2197429460001404D /* YH_HomeViewController.h */,
				B37C63B3197429460001404D /* YH_HomeViewController.m */,
				B32E32771977C52A00C007C4 /* ContactsViewController.h */,
				B32E32781977C52A00C007C4 /* ContactsViewController.m */,
				B3A802CF19780B5F0005178C /* CallRecordViewController.h */,
				B3A802D019780B5F0005178C /* CallRecordViewController.m */,
				B3A802D2197812370005178C /* SettingViewController.h */,
				B3A802D3197812370005178C /* SettingViewController.m */,
			);
			path = Home;
			sourceTree = "<group>";
		};
		B389A9A51975618300F85A0E /* NJKScrollFullScreen */ = {
			isa = PBXGroup;
			children = (
				B389A9A61975618300F85A0E /* NJKScrollFullScreen.h */,
				B389A9A71975618300F85A0E /* NJKScrollFullScreen.m */,
				B389A9A81975618300F85A0E /* UIViewController+NJKFullScreenSupport.h */,
				B389A9A91975618300F85A0E /* UIViewController+NJKFullScreenSupport.m */,
			);
			path = NJKScrollFullScreen;
			sourceTree = "<group>";
		};
		B389A9AC197569AD00F85A0E /* FastAnimationWithPop */ = {
			isa = PBXGroup;
			children = (
				B389A9AD197569AD00F85A0E /* Animations */,
				B389A9B8197569AD00F85A0E /* BindingAnimations */,
				B389A9BB197569AD00F85A0E /* Core */,
				B389A9C5197569AD00F85A0E /* FastAnimationWithPop-Prefix.pch */,
				B389A9C6197569AD00F85A0E /* FastAnimationWithPop.h */,
			);
			path = FastAnimationWithPop;
			sourceTree = "<group>";
		};
		B389A9AD197569AD00F85A0E /* Animations */ = {
			isa = PBXGroup;
			children = (
				B389A9AE197569AD00F85A0E /* FAAnimationBounces.h */,
				B389A9AF197569AD00F85A0E /* FAAnimationBounces.m */,
				B389A9B0197569AD00F85A0E /* FAAnimationGroup.h */,
				B389A9B1197569AD00F85A0E /* FAAnimationGroup.m */,
				B389A9B2197569AD00F85A0E /* FAAnimationShake.h */,
				B389A9B3197569AD00F85A0E /* FAAnimationShake.m */,
				B389A9B4197569AD00F85A0E /* FAAnimationZoomIn.h */,
				B389A9B5197569AD00F85A0E /* FAAnimationZoomIn.m */,
				B389A9B6197569AD00F85A0E /* FAAnimationZoomOut.h */,
				B389A9B7197569AD00F85A0E /* FAAnimationZoomOut.m */,
			);
			path = Animations;
			sourceTree = "<group>";
		};
		B389A9B8197569AD00F85A0E /* BindingAnimations */ = {
			isa = PBXGroup;
			children = (
				B389A9B9197569AD00F85A0E /* FAAnimationButtonScale.h */,
				B389A9BA197569AD00F85A0E /* FAAnimationButtonScale.m */,
			);
			path = BindingAnimations;
			sourceTree = "<group>";
		};
		B389A9BB197569AD00F85A0E /* Core */ = {
			isa = PBXGroup;
			children = (
				B389A9BC197569AD00F85A0E /* FastAnimationProtocol.h */,
				B389A9BD197569AD00F85A0E /* FastAnimiationUitls.h */,
				B389A9BE197569AD00F85A0E /* FastAnimiationUitls.m */,
				B389A9BF197569AD00F85A0E /* NSObject+FastAnimation.h */,
				B389A9C0197569AD00F85A0E /* NSObject+FastAnimation.m */,
				B389A9C1197569AD00F85A0E /* UIControl+FastAnimation.h */,
				B389A9C2197569AD00F85A0E /* UIControl+FastAnimation.m */,
				B389A9C3197569AD00F85A0E /* UIView+FastAnimation.h */,
				B389A9C4197569AD00F85A0E /* UIView+FastAnimation.m */,
			);
			path = Core;
			sourceTree = "<group>";
		};
		B389A9D1197577C500F85A0E /* Resources */ = {
			isa = PBXGroup;
			children = (
				B37CBCA519797F9200E7B7C1 /* Contacts.xcdatamodeld */,
				B37CBCA219797BF200E7B7C1 /* Contacts.csv */,
				B37C63B7197429460001404D /* QuickLinkMain.storyboard */,
			);
			path = Resources;
			sourceTree = "<group>";
		};
/* End PBXGroup section */

/* Begin PBXNativeTarget section */
		19257D83196BCE0800390C5D /* QuickLink */ = {
			isa = PBXNativeTarget;
			buildConfigurationList = 19257DB6196BCE0800390C5D /* Build configuration list for PBXNativeTarget "QuickLink" */;
			buildPhases = (
				19257D80196BCE0800390C5D /* Sources */,
				19257D81196BCE0800390C5D /* Frameworks */,
				19257D82196BCE0800390C5D /* Resources */,
			);
			buildRules = (
			);
			dependencies = (
			);
			name = QuickLink;
			productName = QuickLink;
			productReference = 19257D84196BCE0800390C5D /* QuickLink.app */;
			productType = "com.apple.product-type.application";
		};
		19257DA3196BCE0800390C5D /* QuickLinkTests */ = {
			isa = PBXNativeTarget;
			buildConfigurationList = 19257DB9196BCE0800390C5D /* Build configuration list for PBXNativeTarget "QuickLinkTests" */;
			buildPhases = (
				19257DA0196BCE0800390C5D /* Sources */,
				19257DA1196BCE0800390C5D /* Frameworks */,
				19257DA2196BCE0800390C5D /* Resources */,
			);
			buildRules = (
			);
			dependencies = (
				19257DAB196BCE0800390C5D /* PBXTargetDependency */,
			);
			name = QuickLinkTests;
			productName = QuickLinkTests;
			productReference = 19257DA4196BCE0800390C5D /* QuickLinkTests.xctest */;
			productType = "com.apple.product-type.bundle.unit-test";
		};
/* End PBXNativeTarget section */

/* Begin PBXProject section */
		19257D7C196BCE0800390C5D /* Project object */ = {
			isa = PBXProject;
			attributes = {
				LastUpgradeCheck = 0510;
				ORGANIZATIONNAME = "Cao Liu";
				TargetAttributes = {
					19257DA3196BCE0800390C5D = {
						TestTargetID = 19257D83196BCE0800390C5D;
					};
				};
			};
			buildConfigurationList = 19257D7F196BCE0800390C5D /* Build configuration list for PBXProject "QuickLink" */;
			compatibilityVersion = "Xcode 3.2";
			developmentRegion = English;
			hasScannedForEncodings = 0;
			knownRegions = (
				en,
			);
			mainGroup = 19257D7B196BCE0800390C5D;
			productRefGroup = 19257D85196BCE0800390C5D /* Products */;
			projectDirPath = "";
			projectRoot = "";
			targets = (
				19257D83196BCE0800390C5D /* QuickLink */,
				19257DA3196BCE0800390C5D /* QuickLinkTests */,
			);
		};
/* End PBXProject section */

/* Begin PBXResourcesBuildPhase section */
		19257D82196BCE0800390C5D /* Resources */ = {
			isa = PBXResourcesBuildPhase;
			buildActionMask = 2147483647;
			files = (
				B37C63C9197429460001404D /* pop-Info.plist in Resources */,
				B37C63E2197429460001404D /* Images.xcassets in Resources */,
				B37C63EB197429460001404D /* QuickLinkMain.storyboard in Resources */,
				B37CBCA319797BF200E7B7C1 /* Contacts.csv in Resources */,
				B37C63E1197429460001404D /* InfoPlist.strings in Resources */,
				B37C63C8197429460001404D /* InfoPlist.strings in Resources */,
			);
			runOnlyForDeploymentPostprocessing = 0;
		};
		19257DA2196BCE0800390C5D /* Resources */ = {
			isa = PBXResourcesBuildPhase;
			buildActionMask = 2147483647;
			files = (
				19257DB1196BCE0800390C5D /* InfoPlist.strings in Resources */,
			);
			runOnlyForDeploymentPostprocessing = 0;
		};
/* End PBXResourcesBuildPhase section */

/* Begin PBXSourcesBuildPhase section */
		19257D80196BCE0800390C5D /* Sources */ = {
			isa = PBXSourcesBuildPhase;
			buildActionMask = 2147483647;
			files = (
				B37C63C6197429460001404D /* AFURLSessionManager.m in Sources */,
				B389A9C7197569AD00F85A0E /* FAAnimationBounces.m in Sources */,
				B37C63DB197429460001404D /* TransformationMatrix.cpp in Sources */,
				B37C63B8197429460001404D /* AppDelegate.m in Sources */,
				B389A9CF197569AD00F85A0E /* UIControl+FastAnimation.m in Sources */,
				B37C63BA197429460001404D /* SystemStart.m in Sources */,
				B37C63D6197429460001404D /* POPLayerExtras.mm in Sources */,
				B37C63E6197429460001404D /* QuickLink.xcdatamodeld in Sources */,
				B37C63C1197429460001404D /* AFNetworkReachabilityManager.m in Sources */,
				B32E32791977C52A00C007C4 /* ContactsViewController.m in Sources */,
				B37C63BB197429460001404D /* YH_FolderContrl.m in Sources */,
				B389A9CE197569AD00F85A0E /* NSObject+FastAnimation.m in Sources */,
				B37C63E7197429460001404D /* YH_NavigationViewController.m in Sources */,
				B37C63D1197429460001404D /* POPBasicAnimation.mm in Sources */,
				B37C63CC197429460001404D /* POPAnimationEvent.mm in Sources */,
				B37C63D0197429460001404D /* POPAnimator.mm in Sources */,
				B37C63C3197429460001404D /* AFURLConnectionOperation.m in Sources */,
				B37C63CB197429460001404D /* POPAnimation.mm in Sources */,
				B37C63D2197429460001404D /* POPCGUtils.mm in Sources */,
				B389A9C9197569AD00F85A0E /* FAAnimationShake.m in Sources */,
				B389A9D0197569AD00F85A0E /* UIView+FastAnimation.m in Sources */,
				B37C63E4197429460001404D /* Global.m in Sources */,
				B37C63C0197429460001404D /* AFHTTPSessionManager.m in Sources */,
				B3A802D119780B5F0005178C /* CallRecordViewController.m in Sources */,
				B37C63C4197429460001404D /* AFURLRequestSerialization.m in Sources */,
				B37CBCA719797F9200E7B7C1 /* Contacts.xcdatamodeld in Sources */,
				B37C63E8197429460001404D /* YH_HomeViewController.m in Sources */,
				B37C63DA197429460001404D /* POPVector.mm in Sources */,
				B389A9CC197569AD00F85A0E /* FAAnimationButtonScale.m in Sources */,
				B37C63DC197429460001404D /* YH_Log.m in Sources */,
				B389A9CD197569AD00F85A0E /* FastAnimiationUitls.m in Sources */,
				B37C63B9197429460001404D /* HttpEngine.m in Sources */,
				B37C63E0197429460001404D /* UIView+Frame.m in Sources */,
				B37C63CD197429460001404D /* POPAnimationExtras.mm in Sources */,
				B37C63D8197429460001404D /* POPPropertyAnimation.mm in Sources */,
				B37C63BD197429460001404D /* YH_PushMessageEngine.m in Sources */,
				B37C63DE197429460001404D /* UIActionSheet+Blocks.m in Sources */,
				B389A9AA1975618300F85A0E /* NJKScrollFullScreen.m in Sources */,
				B37C63BC197429460001404D /* YH_PersistenceEngine.m in Sources */,
				B389A9CB197569AD00F85A0E /* FAAnimationZoomOut.m in Sources */,
				B37C63D5197429460001404D /* POPGeometry.mm in Sources */,
				B37C63BF197429460001404D /* AFHTTPRequestOperationManager.m in Sources */,
				B37C63CF197429460001404D /* POPAnimationTracer.mm in Sources */,
				B3A802D4197812370005178C /* SettingViewController.m in Sources */,
				B37C63CE197429460001404D /* POPAnimationRuntime.mm in Sources */,
				B37C63DD197429460001404D /* RIButtonItem.m in Sources */,
				B348047C19765347007623FD /* ASOTwoStateButton.m in Sources */,
				B389A9AB1975618300F85A0E /* UIViewController+NJKFullScreenSupport.m in Sources */,
				B37C63E3197429460001404D /* main.m in Sources */,
				B37C63D4197429460001404D /* POPDecayAnimation.mm in Sources */,
				B37C63C2197429460001404D /* AFSecurityPolicy.m in Sources */,
				B389A9C8197569AD00F85A0E /* FAAnimationGroup.m in Sources */,
				B348047F19765A6F007623FD /* BounceButtonView.m in Sources */,
				B389A9CA197569AD00F85A0E /* FAAnimationZoomIn.m in Sources */,
				B37C63DF197429460001404D /* UIAlertView+Blocks.m in Sources */,
				B37C63D7197429460001404D /* POPMath.mm in Sources */,
				B37C63C5197429460001404D /* AFURLResponseSerialization.m in Sources */,
				B37C63BE197429460001404D /* AFHTTPRequestOperation.m in Sources */,
				B37C63CA197429460001404D /* POPAnimatableProperty.mm in Sources */,
				B37C63D3197429460001404D /* POPCustomAnimation.mm in Sources */,
				B348047819764B0B007623FD /* ASOBounceButtonView.m in Sources */,
				B37C63D9197429460001404D /* POPSpringAnimation.mm in Sources */,
			);
			runOnlyForDeploymentPostprocessing = 0;
		};
		19257DA0196BCE0800390C5D /* Sources */ = {
			isa = PBXSourcesBuildPhase;
			buildActionMask = 2147483647;
			files = (
				19257DB3196BCE0800390C5D /* QuickLinkTests.m in Sources */,
			);
			runOnlyForDeploymentPostprocessing = 0;
		};
/* End PBXSourcesBuildPhase section */

/* Begin PBXTargetDependency section */
		19257DAB196BCE0800390C5D /* PBXTargetDependency */ = {
			isa = PBXTargetDependency;
			target = 19257D83196BCE0800390C5D /* QuickLink */;
			targetProxy = 19257DAA196BCE0800390C5D /* PBXContainerItemProxy */;
		};
/* End PBXTargetDependency section */

/* Begin PBXVariantGroup section */
		19257DAF196BCE0800390C5D /* InfoPlist.strings */ = {
			isa = PBXVariantGroup;
			children = (
				19257DB0196BCE0800390C5D /* en */,
			);
			name = InfoPlist.strings;
			sourceTree = "<group>";
		};
		B37C635C197429460001404D /* InfoPlist.strings */ = {
			isa = PBXVariantGroup;
			children = (
				B37C635D197429460001404D /* en */,
			);
			name = InfoPlist.strings;
			sourceTree = "<group>";
		};
		B37C63A1197429460001404D /* InfoPlist.strings */ = {
			isa = PBXVariantGroup;
			children = (
				B37C63A2197429460001404D /* en */,
			);
			name = InfoPlist.strings;
			sourceTree = "<group>";
		};
/* End PBXVariantGroup section */

/* Begin XCBuildConfiguration section */
		19257DB4196BCE0800390C5D /* Debug */ = {
			isa = XCBuildConfiguration;
			buildSettings = {
				ALWAYS_SEARCH_USER_PATHS = NO;
				CLANG_CXX_LANGUAGE_STANDARD = "gnu++0x";
				CLANG_CXX_LIBRARY = "libc++";
				CLANG_ENABLE_MODULES = YES;
				CLANG_ENABLE_OBJC_ARC = YES;
				CLANG_WARN_BOOL_CONVERSION = YES;
				CLANG_WARN_CONSTANT_CONVERSION = YES;
				CLANG_WARN_DIRECT_OBJC_ISA_USAGE = YES_ERROR;
				CLANG_WARN_EMPTY_BODY = YES;
				CLANG_WARN_ENUM_CONVERSION = YES;
				CLANG_WARN_INT_CONVERSION = YES;
				CLANG_WARN_OBJC_ROOT_CLASS = YES_ERROR;
				CLANG_WARN__DUPLICATE_METHOD_MATCH = YES;
				"CODE_SIGN_IDENTITY[sdk=iphoneos*]" = "iPhone Developer";
				COPY_PHASE_STRIP = NO;
				GCC_C_LANGUAGE_STANDARD = gnu99;
				GCC_DYNAMIC_NO_PIC = NO;
				GCC_OPTIMIZATION_LEVEL = 0;
				GCC_PREPROCESSOR_DEFINITIONS = (
					"DEBUG=1",
					"$(inherited)",
				);
				GCC_SYMBOLS_PRIVATE_EXTERN = NO;
				GCC_WARN_64_TO_32_BIT_CONVERSION = YES;
				GCC_WARN_ABOUT_RETURN_TYPE = YES_ERROR;
				GCC_WARN_UNDECLARED_SELECTOR = YES;
				GCC_WARN_UNINITIALIZED_AUTOS = YES_AGGRESSIVE;
				GCC_WARN_UNUSED_FUNCTION = YES;
				GCC_WARN_UNUSED_VARIABLE = YES;
				IPHONEOS_DEPLOYMENT_TARGET = 7.1;
				ONLY_ACTIVE_ARCH = YES;
				SDKROOT = iphoneos;
			};
			name = Debug;
		};
		19257DB5196BCE0800390C5D /* Release */ = {
			isa = XCBuildConfiguration;
			buildSettings = {
				ALWAYS_SEARCH_USER_PATHS = NO;
				CLANG_CXX_LANGUAGE_STANDARD = "gnu++0x";
				CLANG_CXX_LIBRARY = "libc++";
				CLANG_ENABLE_MODULES = YES;
				CLANG_ENABLE_OBJC_ARC = YES;
				CLANG_WARN_BOOL_CONVERSION = YES;
				CLANG_WARN_CONSTANT_CONVERSION = YES;
				CLANG_WARN_DIRECT_OBJC_ISA_USAGE = YES_ERROR;
				CLANG_WARN_EMPTY_BODY = YES;
				CLANG_WARN_ENUM_CONVERSION = YES;
				CLANG_WARN_INT_CONVERSION = YES;
				CLANG_WARN_OBJC_ROOT_CLASS = YES_ERROR;
				CLANG_WARN__DUPLICATE_METHOD_MATCH = YES;
				"CODE_SIGN_IDENTITY[sdk=iphoneos*]" = "iPhone Developer";
				COPY_PHASE_STRIP = YES;
				ENABLE_NS_ASSERTIONS = NO;
				GCC_C_LANGUAGE_STANDARD = gnu99;
				GCC_WARN_64_TO_32_BIT_CONVERSION = YES;
				GCC_WARN_ABOUT_RETURN_TYPE = YES_ERROR;
				GCC_WARN_UNDECLARED_SELECTOR = YES;
				GCC_WARN_UNINITIALIZED_AUTOS = YES_AGGRESSIVE;
				GCC_WARN_UNUSED_FUNCTION = YES;
				GCC_WARN_UNUSED_VARIABLE = YES;
				IPHONEOS_DEPLOYMENT_TARGET = 7.1;
				SDKROOT = iphoneos;
				VALIDATE_PRODUCT = YES;
			};
			name = Release;
		};
		19257DB7196BCE0800390C5D /* Debug */ = {
			isa = XCBuildConfiguration;
			buildSettings = {
				ASSETCATALOG_COMPILER_APPICON_NAME = AppIcon;
				ASSETCATALOG_COMPILER_LAUNCHIMAGE_NAME = LaunchImage;
				GCC_PRECOMPILE_PREFIX_HEADER = YES;
				GCC_PREFIX_HEADER = "QuickLink/QuickLink-Prefix.pch";
				HEADER_SEARCH_PATHS = (
					"$(inherited)",
					/Applications/Xcode.app/Contents/Developer/Toolchains/XcodeDefault.xctoolchain/usr/include,
					"${SRCROOT}/QuickLink/Dependences",
				);
				INFOPLIST_FILE = "QuickLink/QuickLink-Info.plist";
				IPHONEOS_DEPLOYMENT_TARGET = 6.0;
				PRODUCT_NAME = "$(TARGET_NAME)";
				WRAPPER_EXTENSION = app;
			};
			name = Debug;
		};
		19257DB8196BCE0800390C5D /* Release */ = {
			isa = XCBuildConfiguration;
			buildSettings = {
				ASSETCATALOG_COMPILER_APPICON_NAME = AppIcon;
				ASSETCATALOG_COMPILER_LAUNCHIMAGE_NAME = LaunchImage;
				GCC_PRECOMPILE_PREFIX_HEADER = YES;
				GCC_PREFIX_HEADER = "QuickLink/QuickLink-Prefix.pch";
				HEADER_SEARCH_PATHS = (
					"$(inherited)",
					/Applications/Xcode.app/Contents/Developer/Toolchains/XcodeDefault.xctoolchain/usr/include,
					"${SRCROOT}/QuickLink/Dependences",
				);
				INFOPLIST_FILE = "QuickLink/QuickLink-Info.plist";
				IPHONEOS_DEPLOYMENT_TARGET = 6.0;
				PRODUCT_NAME = "$(TARGET_NAME)";
				WRAPPER_EXTENSION = app;
			};
			name = Release;
		};
		19257DBA196BCE0800390C5D /* Debug */ = {
			isa = XCBuildConfiguration;
			buildSettings = {
				BUNDLE_LOADER = "$(BUILT_PRODUCTS_DIR)/QuickLink.app/QuickLink";
				FRAMEWORK_SEARCH_PATHS = (
					"$(SDKROOT)/Developer/Library/Frameworks",
					"$(inherited)",
					"$(DEVELOPER_FRAMEWORKS_DIR)",
				);
				GCC_PRECOMPILE_PREFIX_HEADER = YES;
				GCC_PREFIX_HEADER = "QuickLink/QuickLink-Prefix.pch";
				GCC_PREPROCESSOR_DEFINITIONS = (
					"DEBUG=1",
					"$(inherited)",
				);
				INFOPLIST_FILE = "QuickLinkTests/QuickLinkTests-Info.plist";
				PRODUCT_NAME = "$(TARGET_NAME)";
				TEST_HOST = "$(BUNDLE_LOADER)";
				WRAPPER_EXTENSION = xctest;
			};
			name = Debug;
		};
		19257DBB196BCE0800390C5D /* Release */ = {
			isa = XCBuildConfiguration;
			buildSettings = {
				BUNDLE_LOADER = "$(BUILT_PRODUCTS_DIR)/QuickLink.app/QuickLink";
				FRAMEWORK_SEARCH_PATHS = (
					"$(SDKROOT)/Developer/Library/Frameworks",
					"$(inherited)",
					"$(DEVELOPER_FRAMEWORKS_DIR)",
				);
				GCC_PRECOMPILE_PREFIX_HEADER = YES;
				GCC_PREFIX_HEADER = "QuickLink/QuickLink-Prefix.pch";
				INFOPLIST_FILE = "QuickLinkTests/QuickLinkTests-Info.plist";
				PRODUCT_NAME = "$(TARGET_NAME)";
				TEST_HOST = "$(BUNDLE_LOADER)";
				WRAPPER_EXTENSION = xctest;
			};
			name = Release;
		};
/* End XCBuildConfiguration section */

/* Begin XCConfigurationList section */
		19257D7F196BCE0800390C5D /* Build configuration list for PBXProject "QuickLink" */ = {
			isa = XCConfigurationList;
			buildConfigurations = (
				19257DB4196BCE0800390C5D /* Debug */,
				19257DB5196BCE0800390C5D /* Release */,
			);
			defaultConfigurationIsVisible = 0;
			defaultConfigurationName = Release;
		};
		19257DB6196BCE0800390C5D /* Build configuration list for PBXNativeTarget "QuickLink" */ = {
			isa = XCConfigurationList;
			buildConfigurations = (
				19257DB7196BCE0800390C5D /* Debug */,
				19257DB8196BCE0800390C5D /* Release */,
			);
			defaultConfigurationIsVisible = 0;
			defaultConfigurationName = Release;
		};
		19257DB9196BCE0800390C5D /* Build configuration list for PBXNativeTarget "QuickLinkTests" */ = {
			isa = XCConfigurationList;
			buildConfigurations = (
				19257DBA196BCE0800390C5D /* Debug */,
				19257DBB196BCE0800390C5D /* Release */,
			);
			defaultConfigurationIsVisible = 0;
			defaultConfigurationName = Release;
		};
/* End XCConfigurationList section */

/* Begin XCVersionGroup section */
		B37C63AA197429460001404D /* QuickLink.xcdatamodeld */ = {
			isa = XCVersionGroup;
			children = (
				B37C63AB197429460001404D /* QuickLink.xcdatamodel */,
			);
			currentVersion = B37C63AB197429460001404D /* QuickLink.xcdatamodel */;
			path = QuickLink.xcdatamodeld;
			sourceTree = "<group>";
			versionGroupType = wrapper.xcdatamodel;
		};
		B37CBCA519797F9200E7B7C1 /* Contacts.xcdatamodeld */ = {
			isa = XCVersionGroup;
			children = (
				B37CBCA619797F9200E7B7C1 /* Contacts.xcdatamodel */,
			);
			currentVersion = B37CBCA619797F9200E7B7C1 /* Contacts.xcdatamodel */;
			path = Contacts.xcdatamodeld;
			sourceTree = "<group>";
			versionGroupType = wrapper.xcdatamodel;
		};
/* End XCVersionGroup section */
	};
	rootObject = 19257D7C196BCE0800390C5D /* Project object */;
}
